// !$*UTF8*$!
{
	archiveVersion = 1;
	classes = {
	};
	objectVersion = 56;
	objects = {

/* Begin PBXBuildFile section */
		81A9086C2C099FCA0053BFC8 /* Weather_KaMaDi_CorpApp.swift in Sources */ = {isa = PBXBuildFile; fileRef = 81A9086B2C099FCA0053BFC8 /* Weather_KaMaDi_CorpApp.swift */; };
		81A9086E2C099FCA0053BFC8 /* WeatherView.swift in Sources */ = {isa = PBXBuildFile; fileRef = 81A9086D2C099FCA0053BFC8 /* WeatherView.swift */; };
		81A908702C099FCA0053BFC8 /* Assets.xcassets in Resources */ = {isa = PBXBuildFile; fileRef = 81A9086F2C099FCA0053BFC8 /* Assets.xcassets */; };
		81A908732C099FCA0053BFC8 /* Preview Assets.xcassets in Resources */ = {isa = PBXBuildFile; fileRef = 81A908722C099FCA0053BFC8 /* Preview Assets.xcassets */; };
		81A9087A2C09A0AB0053BFC8 /* ViewModifier.swift in Sources */ = {isa = PBXBuildFile; fileRef = 81A908792C09A0AB0053BFC8 /* ViewModifier.swift */; };
		81A908B32C1199870053BFC8 /* CurrentWeatherData.swift in Sources */ = {isa = PBXBuildFile; fileRef = 81A908B22C1199870053BFC8 /* CurrentWeatherData.swift */; };
		81A908B62C1199D50053BFC8 /* WeatherViewModel.swift in Sources */ = {isa = PBXBuildFile; fileRef = 81A908B52C1199D50053BFC8 /* WeatherViewModel.swift */; };
		81A908B92C119B030053BFC8 /* NetworkService.swift in Sources */ = {isa = PBXBuildFile; fileRef = 81A908B82C119B030053BFC8 /* NetworkService.swift */; };
		81A908BB2C119DC30053BFC8 /* HTTPMethod.swift in Sources */ = {isa = PBXBuildFile; fileRef = 81A908BA2C119DC30053BFC8 /* HTTPMethod.swift */; };
		81A908BD2C119DD50053BFC8 /* URLManager.swift in Sources */ = {isa = PBXBuildFile; fileRef = 81A908BC2C119DD50053BFC8 /* URLManager.swift */; };
		81A908BF2C119DEE0053BFC8 /* Endpoint.swift in Sources */ = {isa = PBXBuildFile; fileRef = 81A908BE2C119DEE0053BFC8 /* Endpoint.swift */; };
		81A908C32C11A0570053BFC8 /* HTTPError.swift in Sources */ = {isa = PBXBuildFile; fileRef = 81A908C22C11A0560053BFC8 /* HTTPError.swift */; };
		81A908C52C11A0D10053BFC8 /* ParsingService.swift in Sources */ = {isa = PBXBuildFile; fileRef = 81A908C42C11A0D00053BFC8 /* ParsingService.swift */; };
/* End PBXBuildFile section */

/* Begin PBXFileReference section */
		81A908682C099FCA0053BFC8 /* Weather-KaMaDi_Corp.app */ = {isa = PBXFileReference; explicitFileType = wrapper.application; includeInIndex = 0; path = "Weather-KaMaDi_Corp.app"; sourceTree = BUILT_PRODUCTS_DIR; };
		81A9086B2C099FCA0053BFC8 /* Weather_KaMaDi_CorpApp.swift */ = {isa = PBXFileReference; lastKnownFileType = sourcecode.swift; path = Weather_KaMaDi_CorpApp.swift; sourceTree = "<group>"; };
		81A9086D2C099FCA0053BFC8 /* WeatherView.swift */ = {isa = PBXFileReference; lastKnownFileType = sourcecode.swift; path = WeatherView.swift; sourceTree = "<group>"; };
		81A9086F2C099FCA0053BFC8 /* Assets.xcassets */ = {isa = PBXFileReference; lastKnownFileType = folder.assetcatalog; path = Assets.xcassets; sourceTree = "<group>"; };
		81A908722C099FCA0053BFC8 /* Preview Assets.xcassets */ = {isa = PBXFileReference; lastKnownFileType = folder.assetcatalog; path = "Preview Assets.xcassets"; sourceTree = "<group>"; };
		81A908792C09A0AB0053BFC8 /* ViewModifier.swift */ = {isa = PBXFileReference; lastKnownFileType = sourcecode.swift; path = ViewModifier.swift; sourceTree = "<group>"; };
		81A908B22C1199870053BFC8 /* CurrentWeatherData.swift */ = {isa = PBXFileReference; lastKnownFileType = sourcecode.swift; path = CurrentWeatherData.swift; sourceTree = "<group>"; };
		81A908B52C1199D50053BFC8 /* WeatherViewModel.swift */ = {isa = PBXFileReference; lastKnownFileType = sourcecode.swift; path = WeatherViewModel.swift; sourceTree = "<group>"; };
		81A908B82C119B030053BFC8 /* NetworkService.swift */ = {isa = PBXFileReference; lastKnownFileType = sourcecode.swift; path = NetworkService.swift; sourceTree = "<group>"; };
		81A908BA2C119DC30053BFC8 /* HTTPMethod.swift */ = {isa = PBXFileReference; lastKnownFileType = sourcecode.swift; path = HTTPMethod.swift; sourceTree = "<group>"; };
		81A908BC2C119DD50053BFC8 /* URLManager.swift */ = {isa = PBXFileReference; lastKnownFileType = sourcecode.swift; path = URLManager.swift; sourceTree = "<group>"; };
		81A908BE2C119DEE0053BFC8 /* Endpoint.swift */ = {isa = PBXFileReference; lastKnownFileType = sourcecode.swift; path = Endpoint.swift; sourceTree = "<group>"; };
		81A908C22C11A0560053BFC8 /* HTTPError.swift */ = {isa = PBXFileReference; fileEncoding = 4; lastKnownFileType = sourcecode.swift; path = HTTPError.swift; sourceTree = "<group>"; };
		81A908C42C11A0D00053BFC8 /* ParsingService.swift */ = {isa = PBXFileReference; fileEncoding = 4; lastKnownFileType = sourcecode.swift; path = ParsingService.swift; sourceTree = "<group>"; };
/* End PBXFileReference section */

/* Begin PBXFrameworksBuildPhase section */
		81A908652C099FCA0053BFC8 /* Frameworks */ = {
			isa = PBXFrameworksBuildPhase;
			buildActionMask = 2147483647;
			files = (
			);
			runOnlyForDeploymentPostprocessing = 0;
		};
/* End PBXFrameworksBuildPhase section */

/* Begin PBXGroup section */
		81A9085F2C099FCA0053BFC8 = {
			isa = PBXGroup;
			children = (
				81A9086A2C099FCA0053BFC8 /* Weather-KaMaDi_Corp */,
				81A908692C099FCA0053BFC8 /* Products */,
			);
			sourceTree = "<group>";
		};
		81A908692C099FCA0053BFC8 /* Products */ = {
			isa = PBXGroup;
			children = (
				81A908682C099FCA0053BFC8 /* Weather-KaMaDi_Corp.app */,
			);
			name = Products;
			sourceTree = "<group>";
		};
		81A9086A2C099FCA0053BFC8 /* Weather-KaMaDi_Corp */ = {
			isa = PBXGroup;
			children = (
				81A9086B2C099FCA0053BFC8 /* Weather_KaMaDi_CorpApp.swift */,
				81A908B42C11998C0053BFC8 /* Model */,
				81A9087C2C09A0E20053BFC8 /* View */,
				81A908B72C1199DB0053BFC8 /* ViewModel */,
				81A908C12C119E160053BFC8 /* Services */,
				81A9086F2C099FCA0053BFC8 /* Assets.xcassets */,
				81A908712C099FCA0053BFC8 /* Preview Content */,
			);
			path = "Weather-KaMaDi_Corp";
			sourceTree = "<group>";
		};
		81A908712C099FCA0053BFC8 /* Preview Content */ = {
			isa = PBXGroup;
			children = (
				81A908722C099FCA0053BFC8 /* Preview Assets.xcassets */,
			);
			path = "Preview Content";
			sourceTree = "<group>";
		};
		81A9087B2C09A0D10053BFC8 /* Modifire */ = {
			isa = PBXGroup;
			children = (
				81A908792C09A0AB0053BFC8 /* ViewModifier.swift */,
			);
			path = Modifire;
			sourceTree = "<group>";
		};
		81A9087C2C09A0E20053BFC8 /* View */ = {
			isa = PBXGroup;
			children = (
				81A9086D2C099FCA0053BFC8 /* WeatherView.swift */,
			);
			path = View;
			sourceTree = "<group>";
		};
		81A908B42C11998C0053BFC8 /* Model */ = {
			isa = PBXGroup;
			children = (
				81A908B22C1199870053BFC8 /* CurrentWeatherData.swift */,
			);
			path = Model;
			sourceTree = "<group>";
		};
		81A908B72C1199DB0053BFC8 /* ViewModel */ = {
			isa = PBXGroup;
			children = (
				81A908B52C1199D50053BFC8 /* WeatherViewModel.swift */,
			);
			path = ViewModel;
			sourceTree = "<group>";
		};
		81A908C02C119DFC0053BFC8 /* Networcking */ = {
			isa = PBXGroup;
			children = (
				81A908C22C11A0560053BFC8 /* HTTPError.swift */,
				81A908BA2C119DC30053BFC8 /* HTTPMethod.swift */,
				81A908BE2C119DEE0053BFC8 /* Endpoint.swift */,
				81A908BC2C119DD50053BFC8 /* URLManager.swift */,
				81A908B82C119B030053BFC8 /* NetworkService.swift */,
				81A908C42C11A0D00053BFC8 /* ParsingService.swift */,
			);
			path = Networcking;
			sourceTree = "<group>";
		};
		81A908C12C119E160053BFC8 /* Services */ = {
			isa = PBXGroup;
			children = (
				81A9087B2C09A0D10053BFC8 /* Modifire */,
				81A908C02C119DFC0053BFC8 /* Networcking */,
			);
			path = Services;
			sourceTree = "<group>";
		};
/* End PBXGroup section */

/* Begin PBXNativeTarget section */
		81A908672C099FCA0053BFC8 /* Weather-KaMaDi_Corp */ = {
			isa = PBXNativeTarget;
			buildConfigurationList = 81A908762C099FCA0053BFC8 /* Build configuration list for PBXNativeTarget "Weather-KaMaDi_Corp" */;
			buildPhases = (
				81A908642C099FCA0053BFC8 /* Sources */,
				81A908652C099FCA0053BFC8 /* Frameworks */,
				81A908662C099FCA0053BFC8 /* Resources */,
			);
			buildRules = (
			);
			dependencies = (
			);
			name = "Weather-KaMaDi_Corp";
			productName = "Weather-KaMaDi_Corp";
			productReference = 81A908682C099FCA0053BFC8 /* Weather-KaMaDi_Corp.app */;
			productType = "com.apple.product-type.application";
		};
/* End PBXNativeTarget section */

/* Begin PBXProject section */
		81A908602C099FCA0053BFC8 /* Project object */ = {
			isa = PBXProject;
			attributes = {
				BuildIndependentTargetsInParallel = 1;
				LastSwiftUpdateCheck = 1540;
				LastUpgradeCheck = 1540;
				TargetAttributes = {
					81A908672C099FCA0053BFC8 = {
						CreatedOnToolsVersion = 15.4;
					};
				};
			};
			buildConfigurationList = 81A908632C099FCA0053BFC8 /* Build configuration list for PBXProject "Weather-KaMaDi_Corp" */;
			compatibilityVersion = "Xcode 14.0";
			developmentRegion = en;
			hasScannedForEncodings = 0;
			knownRegions = (
				en,
				Base,
			);
			mainGroup = 81A9085F2C099FCA0053BFC8;
			productRefGroup = 81A908692C099FCA0053BFC8 /* Products */;
			projectDirPath = "";
			projectRoot = "";
			targets = (
				81A908672C099FCA0053BFC8 /* Weather-KaMaDi_Corp */,
			);
		};
/* End PBXProject section */

/* Begin PBXResourcesBuildPhase section */
		81A908662C099FCA0053BFC8 /* Resources */ = {
			isa = PBXResourcesBuildPhase;
			buildActionMask = 2147483647;
			files = (
				81A908732C099FCA0053BFC8 /* Preview Assets.xcassets in Resources */,
				81A908702C099FCA0053BFC8 /* Assets.xcassets in Resources */,
			);
			runOnlyForDeploymentPostprocessing = 0;
		};
/* End PBXResourcesBuildPhase section */

/* Begin PBXSourcesBuildPhase section */
		81A908642C099FCA0053BFC8 /* Sources */ = {
			isa = PBXSourcesBuildPhase;
			buildActionMask = 2147483647;
			files = (
				81A908B92C119B030053BFC8 /* NetworkService.swift in Sources */,
				81A908BF2C119DEE0053BFC8 /* Endpoint.swift in Sources */,
				81A908BD2C119DD50053BFC8 /* URLManager.swift in Sources */,
				81A908B62C1199D50053BFC8 /* WeatherViewModel.swift in Sources */,
				81A908BB2C119DC30053BFC8 /* HTTPMethod.swift in Sources */,
				81A908B32C1199870053BFC8 /* CurrentWeatherData.swift in Sources */,
				81A9086E2C099FCA0053BFC8 /* WeatherView.swift in Sources */,
				81A9087A2C09A0AB0053BFC8 /* ViewModifier.swift in Sources */,
				81A908C52C11A0D10053BFC8 /* ParsingService.swift in Sources */,
				81A908C32C11A0570053BFC8 /* HTTPError.swift in Sources */,
				81A9086C2C099FCA0053BFC8 /* Weather_KaMaDi_CorpApp.swift in Sources */,
			);
			runOnlyForDeploymentPostprocessing = 0;
		};
/* End PBXSourcesBuildPhase section */

/* Begin XCBuildConfiguration section */
		81A908742C099FCA0053BFC8 /* Debug */ = {
			isa = XCBuildConfiguration;
			buildSettings = {
				ALWAYS_SEARCH_USER_PATHS = NO;
				ASSETCATALOG_COMPILER_GENERATE_SWIFT_ASSET_SYMBOL_EXTENSIONS = YES;
				CLANG_ANALYZER_NONNULL = YES;
				CLANG_ANALYZER_NUMBER_OBJECT_CONVERSION = YES_AGGRESSIVE;
				CLANG_CXX_LANGUAGE_STANDARD = "gnu++20";
				CLANG_ENABLE_MODULES = YES;
				CLANG_ENABLE_OBJC_ARC = YES;
				CLANG_ENABLE_OBJC_WEAK = YES;
				CLANG_WARN_BLOCK_CAPTURE_AUTORELEASING = YES;
				CLANG_WARN_BOOL_CONVERSION = YES;
				CLANG_WARN_COMMA = YES;
				CLANG_WARN_CONSTANT_CONVERSION = YES;
				CLANG_WARN_DEPRECATED_OBJC_IMPLEMENTATIONS = YES;
				CLANG_WARN_DIRECT_OBJC_ISA_USAGE = YES_ERROR;
				CLANG_WARN_DOCUMENTATION_COMMENTS = YES;
				CLANG_WARN_EMPTY_BODY = YES;
				CLANG_WARN_ENUM_CONVERSION = YES;
				CLANG_WARN_INFINITE_RECURSION = YES;
				CLANG_WARN_INT_CONVERSION = YES;
				CLANG_WARN_NON_LITERAL_NULL_CONVERSION = YES;
				CLANG_WARN_OBJC_IMPLICIT_RETAIN_SELF = YES;
				CLANG_WARN_OBJC_LITERAL_CONVERSION = YES;
				CLANG_WARN_OBJC_ROOT_CLASS = YES_ERROR;
				CLANG_WARN_QUOTED_INCLUDE_IN_FRAMEWORK_HEADER = YES;
				CLANG_WARN_RANGE_LOOP_ANALYSIS = YES;
				CLANG_WARN_STRICT_PROTOTYPES = YES;
				CLANG_WARN_SUSPICIOUS_MOVE = YES;
				CLANG_WARN_UNGUARDED_AVAILABILITY = YES_AGGRESSIVE;
				CLANG_WARN_UNREACHABLE_CODE = YES;
				CLANG_WARN__DUPLICATE_METHOD_MATCH = YES;
				COPY_PHASE_STRIP = NO;
				DEBUG_INFORMATION_FORMAT = dwarf;
				ENABLE_STRICT_OBJC_MSGSEND = YES;
				ENABLE_TESTABILITY = YES;
				ENABLE_USER_SCRIPT_SANDBOXING = YES;
				GCC_C_LANGUAGE_STANDARD = gnu17;
				GCC_DYNAMIC_NO_PIC = NO;
				GCC_NO_COMMON_BLOCKS = YES;
				GCC_OPTIMIZATION_LEVEL = 0;
				GCC_PREPROCESSOR_DEFINITIONS = (
					"DEBUG=1",
					"$(inherited)",
				);
				GCC_WARN_64_TO_32_BIT_CONVERSION = YES;
				GCC_WARN_ABOUT_RETURN_TYPE = YES_ERROR;
				GCC_WARN_UNDECLARED_SELECTOR = YES;
				GCC_WARN_UNINITIALIZED_AUTOS = YES_AGGRESSIVE;
				GCC_WARN_UNUSED_FUNCTION = YES;
				GCC_WARN_UNUSED_VARIABLE = YES;
				IPHONEOS_DEPLOYMENT_TARGET = 17.5;
				LOCALIZATION_PREFERS_STRING_CATALOGS = YES;
				MTL_ENABLE_DEBUG_INFO = INCLUDE_SOURCE;
				MTL_FAST_MATH = YES;
				ONLY_ACTIVE_ARCH = YES;
				SDKROOT = iphoneos;
				SWIFT_ACTIVE_COMPILATION_CONDITIONS = "DEBUG $(inherited)";
				SWIFT_OPTIMIZATION_LEVEL = "-Onone";
			};
			name = Debug;
		};
		81A908752C099FCA0053BFC8 /* Release */ = {
			isa = XCBuildConfiguration;
			buildSettings = {
				ALWAYS_SEARCH_USER_PATHS = NO;
				ASSETCATALOG_COMPILER_GENERATE_SWIFT_ASSET_SYMBOL_EXTENSIONS = YES;
				CLANG_ANALYZER_NONNULL = YES;
				CLANG_ANALYZER_NUMBER_OBJECT_CONVERSION = YES_AGGRESSIVE;
				CLANG_CXX_LANGUAGE_STANDARD = "gnu++20";
				CLANG_ENABLE_MODULES = YES;
				CLANG_ENABLE_OBJC_ARC = YES;
				CLANG_ENABLE_OBJC_WEAK = YES;
				CLANG_WARN_BLOCK_CAPTURE_AUTORELEASING = YES;
				CLANG_WARN_BOOL_CONVERSION = YES;
				CLANG_WARN_COMMA = YES;
				CLANG_WARN_CONSTANT_CONVERSION = YES;
				CLANG_WARN_DEPRECATED_OBJC_IMPLEMENTATIONS = YES;
				CLANG_WARN_DIRECT_OBJC_ISA_USAGE = YES_ERROR;
				CLANG_WARN_DOCUMENTATION_COMMENTS = YES;
				CLANG_WARN_EMPTY_BODY = YES;
				CLANG_WARN_ENUM_CONVERSION = YES;
				CLANG_WARN_INFINITE_RECURSION = YES;
				CLANG_WARN_INT_CONVERSION = YES;
				CLANG_WARN_NON_LITERAL_NULL_CONVERSION = YES;
				CLANG_WARN_OBJC_IMPLICIT_RETAIN_SELF = YES;
				CLANG_WARN_OBJC_LITERAL_CONVERSION = YES;
				CLANG_WARN_OBJC_ROOT_CLASS = YES_ERROR;
				CLANG_WARN_QUOTED_INCLUDE_IN_FRAMEWORK_HEADER = YES;
				CLANG_WARN_RANGE_LOOP_ANALYSIS = YES;
				CLANG_WARN_STRICT_PROTOTYPES = YES;
				CLANG_WARN_SUSPICIOUS_MOVE = YES;
				CLANG_WARN_UNGUARDED_AVAILABILITY = YES_AGGRESSIVE;
				CLANG_WARN_UNREACHABLE_CODE = YES;
				CLANG_WARN__DUPLICATE_METHOD_MATCH = YES;
				COPY_PHASE_STRIP = NO;
				DEBUG_INFORMATION_FORMAT = "dwarf-with-dsym";
				ENABLE_NS_ASSERTIONS = NO;
				ENABLE_STRICT_OBJC_MSGSEND = YES;
				ENABLE_USER_SCRIPT_SANDBOXING = YES;
				GCC_C_LANGUAGE_STANDARD = gnu17;
				GCC_NO_COMMON_BLOCKS = YES;
				GCC_WARN_64_TO_32_BIT_CONVERSION = YES;
				GCC_WARN_ABOUT_RETURN_TYPE = YES_ERROR;
				GCC_WARN_UNDECLARED_SELECTOR = YES;
				GCC_WARN_UNINITIALIZED_AUTOS = YES_AGGRESSIVE;
				GCC_WARN_UNUSED_FUNCTION = YES;
				GCC_WARN_UNUSED_VARIABLE = YES;
				IPHONEOS_DEPLOYMENT_TARGET = 17.5;
				LOCALIZATION_PREFERS_STRING_CATALOGS = YES;
				MTL_ENABLE_DEBUG_INFO = NO;
				MTL_FAST_MATH = YES;
				SDKROOT = iphoneos;
				SWIFT_COMPILATION_MODE = wholemodule;
				VALIDATE_PRODUCT = YES;
			};
			name = Release;
		};
		81A908772C099FCA0053BFC8 /* Debug */ = {
			isa = XCBuildConfiguration;
			buildSettings = {
				ASSETCATALOG_COMPILER_APPICON_NAME = AppIcon;
				ASSETCATALOG_COMPILER_GLOBAL_ACCENT_COLOR_NAME = AccentColor;
				CODE_SIGN_STYLE = Automatic;
				CURRENT_PROJECT_VERSION = 1;
				DEVELOPMENT_ASSET_PATHS = "\"Weather-KaMaDi_Corp/Preview Content\"";
				DEVELOPMENT_TEAM = D7T3X3Y5K7;
				ENABLE_PREVIEWS = YES;
				GENERATE_INFOPLIST_FILE = YES;
				INFOPLIST_KEY_UIApplicationSceneManifest_Generation = YES;
				INFOPLIST_KEY_UIApplicationSupportsIndirectInputEvents = YES;
				INFOPLIST_KEY_UILaunchScreen_Generation = YES;
				INFOPLIST_KEY_UISupportedInterfaceOrientations_iPad = "UIInterfaceOrientationPortrait UIInterfaceOrientationPortraitUpsideDown UIInterfaceOrientationLandscapeLeft UIInterfaceOrientationLandscapeRight";
				INFOPLIST_KEY_UISupportedInterfaceOrientations_iPhone = "UIInterfaceOrientationPortrait UIInterfaceOrientationLandscapeLeft UIInterfaceOrientationLandscapeRight";
				LD_RUNPATH_SEARCH_PATHS = (
					"$(inherited)",
					"@executable_path/Frameworks",
				);
				MARKETING_VERSION = 1.0;
				PRODUCT_BUNDLE_IDENTIFIER = "com.artkamadi.Weather-KaMaDi-Corp";
				PRODUCT_NAME = "$(TARGET_NAME)";
				SWIFT_EMIT_LOC_STRINGS = YES;
				SWIFT_VERSION = 5.0;
				TARGETED_DEVICE_FAMILY = "1,2";
			};
			name = Debug;
		};
		81A908782C099FCA0053BFC8 /* Release */ = {
			isa = XCBuildConfiguration;
			buildSettings = {
				ASSETCATALOG_COMPILER_APPICON_NAME = AppIcon;
				ASSETCATALOG_COMPILER_GLOBAL_ACCENT_COLOR_NAME = AccentColor;
				CODE_SIGN_STYLE = Automatic;
				CURRENT_PROJECT_VERSION = 1;
				DEVELOPMENT_ASSET_PATHS = "\"Weather-KaMaDi_Corp/Preview Content\"";
				DEVELOPMENT_TEAM = D7T3X3Y5K7;
				ENABLE_PREVIEWS = YES;
				GENERATE_INFOPLIST_FILE = YES;
				INFOPLIST_KEY_UIApplicationSceneManifest_Generation = YES;
				INFOPLIST_KEY_UIApplicationSupportsIndirectInputEvents = YES;
				INFOPLIST_KEY_UILaunchScreen_Generation = YES;
				INFOPLIST_KEY_UISupportedInterfaceOrientations_iPad = "UIInterfaceOrientationPortrait UIInterfaceOrientationPortraitUpsideDown UIInterfaceOrientationLandscapeLeft UIInterfaceOrientationLandscapeRight";
				INFOPLIST_KEY_UISupportedInterfaceOrientations_iPhone = "UIInterfaceOrientationPortrait UIInterfaceOrientationLandscapeLeft UIInterfaceOrientationLandscapeRight";
				LD_RUNPATH_SEARCH_PATHS = (
					"$(inherited)",
					"@executable_path/Frameworks",
				);
				MARKETING_VERSION = 1.0;
				PRODUCT_BUNDLE_IDENTIFIER = "com.artkamadi.Weather-KaMaDi-Corp";
				PRODUCT_NAME = "$(TARGET_NAME)";
				SWIFT_EMIT_LOC_STRINGS = YES;
				SWIFT_VERSION = 5.0;
				TARGETED_DEVICE_FAMILY = "1,2";
			};
			name = Release;
		};
/* End XCBuildConfiguration section */

/* Begin XCConfigurationList section */
		81A908632C099FCA0053BFC8 /* Build configuration list for PBXProject "Weather-KaMaDi_Corp" */ = {
			isa = XCConfigurationList;
			buildConfigurations = (
				81A908742C099FCA0053BFC8 /* Debug */,
				81A908752C099FCA0053BFC8 /* Release */,
			);
			defaultConfigurationIsVisible = 0;
			defaultConfigurationName = Release;
		};
		81A908762C099FCA0053BFC8 /* Build configuration list for PBXNativeTarget "Weather-KaMaDi_Corp" */ = {
			isa = XCConfigurationList;
			buildConfigurations = (
				81A908772C099FCA0053BFC8 /* Debug */,
				81A908782C099FCA0053BFC8 /* Release */,
			);
			defaultConfigurationIsVisible = 0;
			defaultConfigurationName = Release;
		};
/* End XCConfigurationList section */
	};
	rootObject = 81A908602C099FCA0053BFC8 /* Project object */;
}
